
Microsoft Visual Studio Solution File, Format Version 12.00
# Visual Studio Version 16
VisualStudioVersion = 16.0.29411.108
MinimumVisualStudioVersion = 10.0.40219.1
Project("{FAE04EC0-301F-11D3-BF4B-00C04F79EFBC}") = "CRUD", "CRUD\CRUD.csproj", "{F8677716-28C4-4664-9D4E-DA4FD4C7C9A0}"
EndProject
Project("{FAE04EC0-301F-11D3-BF4B-00C04F79EFBC}") = "Data", "Data\Data.csproj", "{2A4610EB-1E16-4C9E-93C1-DB08B9EFEEBC}"
EndProject
Project("{FAE04EC0-301F-11D3-BF4B-00C04F79EFBC}") = "Common", "Common\Common.csproj", "{B5A48477-F646-45A0-A64A-60A283626E91}"
EndProject
Global
	GlobalSection(SolutionConfigurationPlatforms) = preSolution
		Debug|Any CPU = Debug|Any CPU
		Release|Any CPU = Release|Any CPU
	EndGlobalSection
	GlobalSection(ProjectConfigurationPlatforms) = postSolution
		{F8677716-28C4-4664-9D4E-DA4FD4C7C9A0}.Debug|Any CPU.ActiveCfg = Debug|Any CPU
		{F8677716-28C4-4664-9D4E-DA4FD4C7C9A0}.Debug|Any CPU.Build.0 = Debug|Any CPU
		{F8677716-28C4-4664-9D4E-DA4FD4C7C9A0}.Release|Any CPU.ActiveCfg = Release|Any CPU
		{F8677716-28C4-4664-9D4E-DA4FD4C7C9A0}.Release|Any CPU.Build.0 = Release|Any CPU
		{2A4610EB-1E16-4C9E-93C1-DB08B9EFEEBC}.Debug|Any CPU.ActiveCfg = Debug|Any CPU
		{2A4610EB-1E16-4C9E-93C1-DB08B9EFEEBC}.Debug|Any CPU.Build.0 = Debug|Any CPU
		{2A4610EB-1E16-4C9E-93C1-DB08B9EFEEBC}.Release|Any CPU.ActiveCfg = Release|Any CPU
		{2A4610EB-1E16-4C9E-93C1-DB08B9EFEEBC}.Release|Any CPU.Build.0 = Release|Any CPU
		{B5A48477-F646-45A0-A64A-60A283626E91}.Debug|Any CPU.ActiveCfg = Debug|Any CPU
		{B5A48477-F646-45A0-A64A-60A283626E91}.Debug|Any CPU.Build.0 = Debug|Any CPU
		{B5A48477-F646-45A0-A64A-60A283626E91}.Release|Any CPU.ActiveCfg = Release|Any CPU
		{B5A48477-F646-45A0-A64A-60A283626E91}.Release|Any CPU.Build.0 = Release|Any CPU
	EndGlobalSection
	GlobalSection(SolutionProperties) = preSolution
		HideSolutionNode = FALSE
	EndGlobalSection
	GlobalSection(ExtensibilityGlobals) = postSolution
		SolutionGuid = {7101A6E6-3B8F-407E-8F40-B729CFE36E0B}
	EndGlobalSection
EndGlobal
